
Microsoft Visual Studio Solution File, Format Version 12.00
# Visual Studio 2013
VisualStudioVersion = 12.0.30723.0
MinimumVisualStudioVersion = 10.0.40219.1
Project("{FAE04EC0-301F-11D3-BF4B-00C04F79EFBC}") = "KentalisKletsing", "KentalisKletsing\KentalisKletsing.csproj", "{4A36DFF6-2F82-4759-8B7E-123CD54373A4}"
EndProject
Project("{FAE04EC0-301F-11D3-BF4B-00C04F79EFBC}") = "KentalisKletsing.Tests", "KentalisKletsing.Tests\KentalisKletsing.Tests.csproj", "{5ECFEA0A-52EA-452D-80FC-6EE797A2D6C6}"
EndProject
Global
	GlobalSection(SolutionConfigurationPlatforms) = preSolution
		Debug|Any CPU = Debug|Any CPU
		Release|Any CPU = Release|Any CPU
	EndGlobalSection
	GlobalSection(ProjectConfigurationPlatforms) = postSolution
		{4A36DFF6-2F82-4759-8B7E-123CD54373A4}.Debug|Any CPU.ActiveCfg = Debug|Any CPU
		{4A36DFF6-2F82-4759-8B7E-123CD54373A4}.Debug|Any CPU.Build.0 = Debug|Any CPU
		{4A36DFF6-2F82-4759-8B7E-123CD54373A4}.Release|Any CPU.ActiveCfg = Release|Any CPU
		{4A36DFF6-2F82-4759-8B7E-123CD54373A4}.Release|Any CPU.Build.0 = Release|Any CPU
		{5ECFEA0A-52EA-452D-80FC-6EE797A2D6C6}.Debug|Any CPU.ActiveCfg = Debug|Any CPU
		{5ECFEA0A-52EA-452D-80FC-6EE797A2D6C6}.Debug|Any CPU.Build.0 = Debug|Any CPU
		{5ECFEA0A-52EA-452D-80FC-6EE797A2D6C6}.Release|Any CPU.ActiveCfg = Release|Any CPU
		{5ECFEA0A-52EA-452D-80FC-6EE797A2D6C6}.Release|Any CPU.Build.0 = Release|Any CPU
	EndGlobalSection
	GlobalSection(SolutionProperties) = preSolution
		HideSolutionNode = FALSE
	EndGlobalSection
EndGlobal
